{
  "pins" : [
    {
      "identity" : "axswift",
      "kind" : "remoteSourceControl",
      "location" : "https://github.com/tisfeng/AXSwift.git",
      "state" : {
        "revision" : "d737b605c99f6e0f6a21448d0836110bd15b7710",
        "version" : "0.3.7"
      }
    },
    {
      "identity" : "keysender",
      "kind" : "remoteSourceControl",
      "location" : "https://github.com/jordanbaird/KeySender",
      "state" : {
        "revision" : "99584bf1a03ab600cc44be89a2dcd98b2dbeb9de",
        "version" : "0.0.5"
      }
    },
    {
      "identity" : "selectedtextkit",
      "kind" : "remoteSourceControl",
      "location" : "https://github.com/tisfeng/SelectedTextKit.git",
      "state" : {
        "revision" : "5e70e14fad11b541db45f51ddd570aa79fc8d729",
        "version" : "2.6.7"
      }
    }
  ],
  "version" : 2
}
